{
  "name": "formart_srodrigo28",
  "version": "2.0.2",
  "lockfileVersion": 3,
  "requires": true,
  "packages": {
    "": {
      "name": "formart_srodrigo28",
      "version": "2.0.2",
      "license": "ISC",
      "dependencies": {
        "formart_srodrigo28": "file:",
        "formsrodrigo28_project": "file:",
        "srodrigo28_project": "file:"
      }
    },
    "node_modules/formart_srodrigo28": {
      "resolved": "",
      "link": true
    },
    "node_modules/formsrodrigo28_project": {
      "resolved": "",
      "link": true
    },
    "node_modules/srodrigo28_project": {
      "resolved": "",
      "link": true
    }
  }
}
