{
  "name": "srodrigo28_project",
  "version": "1.0.1",
  "lockfileVersion": 3,
  "requires": true,
  "packages": {
    "": {
      "name": "srodrigo28_project",
      "version": "1.0.1",
      "license": "ISC",
      "dependencies": {
        "srodrigo28_project": "file:"
      }
    },
    "node_modules/srodrigo28_project": {
      "resolved": "",
      "link": true
    }
  }
}
