{
  "name": "07_instalando-modulo-publicado",
  "version": "1.0.0",
  "lockfileVersion": 3,
  "requires": true,
  "packages": {
    "": {
      "name": "07_instalando-modulo-publicado",
      "version": "1.0.0",
      "license": "ISC",
      "dependencies": {
        "07_instalando-modulo-publicado": "file:",
        "srodrigo28_project": "^1.0.1"
      }
    },
    "node_modules/07_instalando-modulo-publicado": {
      "resolved": "",
      "link": true
    },
    "node_modules/srodrigo28_project": {
      "version": "1.0.1",
      "resolved": "https://registry.npmjs.org/srodrigo28_project/-/srodrigo28_project-1.0.1.tgz",
      "integrity": "sha512-jt6EMYTVfiNXjmJLZ1leF2fn8WFlFYqsgT9qQF+GBPa4z1NoRdI0rO8qSgyA1akp5dQU4Uky0G8jEgrNapSXgg==",
      "license": "ISC",
      "dependencies": {
        "srodrigo28_project": "file:"
      }
    },
    "node_modules/srodrigo28_project/node_modules/srodrigo28_project": {
      "resolved": "node_modules/srodrigo28_project",
      "link": true
    }
  }
}
