{
  "name": "05_es-modules",
  "version": "1.0.0",
  "lockfileVersion": 3,
  "requires": true,
  "packages": {
    "": {
      "name": "05_es-modules",
      "version": "1.0.0",
      "license": "ISC",
      "dependencies": {
        "05_es-modules": "file:"
      }
    },
    "node_modules/05_es-modules": {
      "resolved": "",
      "link": true
    }
  }
}
